// !$*UTF8*$!
{
	archiveVersion = 1;
	classes = {
	};
	objectVersion = 46;
	objects = {

/* Begin PBXBuildFile section */
		3C2FA4A318760D9500322132 /* WellDone.mp3 in Resources */ = {isa = PBXBuildFile; fileRef = 3C2FA4A218760D9500322132 /* WellDone.mp3 */; };
		3C2FA4A51876141200322132 /* go.png in Resources */ = {isa = PBXBuildFile; fileRef = 3C2FA4A41876141200322132 /* go.png */; };
		3C584CC418C8CDB90028ADA7 /* success01.mp3 in Resources */ = {isa = PBXBuildFile; fileRef = 3C584CC018C8CDB90028ADA7 /* success01.mp3 */; };
		3C584CC518C8CDB90028ADA7 /* success02.mp3 in Resources */ = {isa = PBXBuildFile; fileRef = 3C584CC118C8CDB90028ADA7 /* success02.mp3 */; };
		3C584CC618C8CDB90028ADA7 /* success03.mp3 in Resources */ = {isa = PBXBuildFile; fileRef = 3C584CC218C8CDB90028ADA7 /* success03.mp3 */; };
		3C584CC718C8CDB90028ADA7 /* success04.mp3 in Resources */ = {isa = PBXBuildFile; fileRef = 3C584CC318C8CDB90028ADA7 /* success04.mp3 */; };
		3C584CC918C8D15F0028ADA7 /* success05.mp3 in Resources */ = {isa = PBXBuildFile; fileRef = 3C584CC818C8D15F0028ADA7 /* success05.mp3 */; };
		3C584CCB18CA12670028ADA7 /* Main.storyboard in Resources */ = {isa = PBXBuildFile; fileRef = 3C584CCA18CA12670028ADA7 /* Main.storyboard */; };
		3C6207F51872032B002388C4 /* Foundation.framework in Frameworks */ = {isa = PBXBuildFile; fileRef = 3C6207F41872032B002388C4 /* Foundation.framework */; };
		3C6207F71872032B002388C4 /* CoreGraphics.framework in Frameworks */ = {isa = PBXBuildFile; fileRef = 3C6207F61872032B002388C4 /* CoreGraphics.framework */; };
		3C6207F91872032B002388C4 /* UIKit.framework in Frameworks */ = {isa = PBXBuildFile; fileRef = 3C6207F81872032B002388C4 /* UIKit.framework */; };
		3C6207FF1872032B002388C4 /* InfoPlist.strings in Resources */ = {isa = PBXBuildFile; fileRef = 3C6207FD1872032B002388C4 /* InfoPlist.strings */; };
		3C6208011872032B002388C4 /* main.m in Sources */ = {isa = PBXBuildFile; fileRef = 3C6208001872032B002388C4 /* main.m */; };
		3C6208051872032B002388C4 /* AppDelegate.m in Sources */ = {isa = PBXBuildFile; fileRef = 3C6208041872032B002388C4 /* AppDelegate.m */; };
		3C62080B1872032B002388C4 /* ViewController.m in Sources */ = {isa = PBXBuildFile; fileRef = 3C62080A1872032B002388C4 /* ViewController.m */; };
		3C62080D1872032B002388C4 /* Images.xcassets in Resources */ = {isa = PBXBuildFile; fileRef = 3C62080C1872032B002388C4 /* Images.xcassets */; };
		3C6208141872032B002388C4 /* XCTest.framework in Frameworks */ = {isa = PBXBuildFile; fileRef = 3C6208131872032B002388C4 /* XCTest.framework */; };
		3C6208151872032B002388C4 /* Foundation.framework in Frameworks */ = {isa = PBXBuildFile; fileRef = 3C6207F41872032B002388C4 /* Foundation.framework */; };
		3C6208161872032B002388C4 /* UIKit.framework in Frameworks */ = {isa = PBXBuildFile; fileRef = 3C6207F81872032B002388C4 /* UIKit.framework */; };
		3C62081E1872032B002388C4 /* InfoPlist.strings in Resources */ = {isa = PBXBuildFile; fileRef = 3C62081C1872032B002388C4 /* InfoPlist.strings */; };
		3C6208201872032B002388C4 /* See_Me_CountTests.m in Sources */ = {isa = PBXBuildFile; fileRef = 3C62081F1872032B002388C4 /* See_Me_CountTests.m */; };
		3C6C374D18D475D30053684B /* arrowLeft.png in Resources */ = {isa = PBXBuildFile; fileRef = 3C6C374B18D475D30053684B /* arrowLeft.png */; };
		3C6C374E18D475D30053684B /* arrowRight.png in Resources */ = {isa = PBXBuildFile; fileRef = 3C6C374C18D475D30053684B /* arrowRight.png */; };
		3C81E21518A2988400AEF498 /* see.me.count.db in Resources */ = {isa = PBXBuildFile; fileRef = 3C81E21418A2988400AEF498 /* see.me.count.db */; };
		3C81E21718A29E4700AEF498 /* libsqlite3.0.dylib in Frameworks */ = {isa = PBXBuildFile; fileRef = 3C81E21618A29E4700AEF498 /* libsqlite3.0.dylib */; };
		3C81E21918A2E4B500AEF498 /* info.png in Resources */ = {isa = PBXBuildFile; fileRef = 3C81E21818A2E4B500AEF498 /* info.png */; };
		3C81E22718A39A7900AEF498 /* Dig0.png in Resources */ = {isa = PBXBuildFile; fileRef = 3C81E21D18A39A7900AEF498 /* Dig0.png */; };
		3C81E22818A39A7900AEF498 /* Dig1.png in Resources */ = {isa = PBXBuildFile; fileRef = 3C81E21E18A39A7900AEF498 /* Dig1.png */; };
		3C81E22918A39A7900AEF498 /* Dig2.png in Resources */ = {isa = PBXBuildFile; fileRef = 3C81E21F18A39A7900AEF498 /* Dig2.png */; };
		3C81E22A18A39A7900AEF498 /* Dig3.png in Resources */ = {isa = PBXBuildFile; fileRef = 3C81E22018A39A7900AEF498 /* Dig3.png */; };
		3C81E22B18A39A7900AEF498 /* Dig4.png in Resources */ = {isa = PBXBuildFile; fileRef = 3C81E22118A39A7900AEF498 /* Dig4.png */; };
		3C81E22C18A39A7900AEF498 /* Dig5.png in Resources */ = {isa = PBXBuildFile; fileRef = 3C81E22218A39A7900AEF498 /* Dig5.png */; };
		3C81E22D18A39A7900AEF498 /* Dig6.png in Resources */ = {isa = PBXBuildFile; fileRef = 3C81E22318A39A7900AEF498 /* Dig6.png */; };
		3C81E22E18A39A7900AEF498 /* Dig7.png in Resources */ = {isa = PBXBuildFile; fileRef = 3C81E22418A39A7900AEF498 /* Dig7.png */; };
		3C81E22F18A39A7900AEF498 /* Dig8.png in Resources */ = {isa = PBXBuildFile; fileRef = 3C81E22518A39A7900AEF498 /* Dig8.png */; };
		3C81E23018A39A7900AEF498 /* Dig9.png in Resources */ = {isa = PBXBuildFile; fileRef = 3C81E22618A39A7900AEF498 /* Dig9.png */; };
		3C81E23218A3C1BC00AEF498 /* close.png in Resources */ = {isa = PBXBuildFile; fileRef = 3C81E23118A3C1BC00AEF498 /* close.png */; };
		3C930D2618AA2587000F7B9F /* digitalDisplay.m in Sources */ = {isa = PBXBuildFile; fileRef = 3C930D2518AA2587000F7B9F /* digitalDisplay.m */; };
		3C930D2B18AAA1EF000F7B9F /* ChartView.m in Sources */ = {isa = PBXBuildFile; fileRef = 3C930D2818AAA1EF000F7B9F /* ChartView.m */; };
		3C930D2C18AAA1EF000F7B9F /* Common.m in Sources */ = {isa = PBXBuildFile; fileRef = 3C930D2A18AAA1EF000F7B9F /* Common.m */; };
		3CBCB69F187354C300EF5A84 /* Pic1.jpg in Resources */ = {isa = PBXBuildFile; fileRef = 3CBCB696187354C300EF5A84 /* Pic1.jpg */; };
		3CBCB6A0187354C300EF5A84 /* Pic2.jpg in Resources */ = {isa = PBXBuildFile; fileRef = 3CBCB697187354C300EF5A84 /* Pic2.jpg */; };
		3CBCB6A1187354C300EF5A84 /* Pic3.jpg in Resources */ = {isa = PBXBuildFile; fileRef = 3CBCB698187354C300EF5A84 /* Pic3.jpg */; };
		3CBCB6A2187354C300EF5A84 /* Pic4.jpg in Resources */ = {isa = PBXBuildFile; fileRef = 3CBCB699187354C300EF5A84 /* Pic4.jpg */; };
		3CBCB6A3187354C300EF5A84 /* Pic5.jpg in Resources */ = {isa = PBXBuildFile; fileRef = 3CBCB69A187354C300EF5A84 /* Pic5.jpg */; };
		3CBCB6A4187354C300EF5A84 /* Pic6.jpg in Resources */ = {isa = PBXBuildFile; fileRef = 3CBCB69B187354C300EF5A84 /* Pic6.jpg */; };
		3CBCB6A5187354C300EF5A84 /* Pic7.jpg in Resources */ = {isa = PBXBuildFile; fileRef = 3CBCB69C187354C300EF5A84 /* Pic7.jpg */; };
		3CBCB6A6187354C300EF5A84 /* Pic8.jpg in Resources */ = {isa = PBXBuildFile; fileRef = 3CBCB69D187354C300EF5A84 /* Pic8.jpg */; };
		3CBCB6A7187354C300EF5A84 /* Pic9.jpg in Resources */ = {isa = PBXBuildFile; fileRef = 3CBCB69E187354C300EF5A84 /* Pic9.jpg */; };
		3CBCB6B818758F6000EF5A84 /* No2.png in Resources */ = {isa = PBXBuildFile; fileRef = 3CBCB6B018758F6000EF5A84 /* No2.png */; };
		3CBCB6B918758F6000EF5A84 /* No3.png in Resources */ = {isa = PBXBuildFile; fileRef = 3CBCB6B118758F6000EF5A84 /* No3.png */; };
		3CBCB6BA18758F6000EF5A84 /* No4.png in Resources */ = {isa = PBXBuildFile; fileRef = 3CBCB6B218758F6000EF5A84 /* No4.png */; };
		3CBCB6BB18758F6000EF5A84 /* No5.png in Resources */ = {isa = PBXBuildFile; fileRef = 3CBCB6B318758F6000EF5A84 /* No5.png */; };
		3CBCB6BC18758F6000EF5A84 /* No6.png in Resources */ = {isa = PBXBuildFile; fileRef = 3CBCB6B418758F6000EF5A84 /* No6.png */; };
		3CBCB6BD18758F6000EF5A84 /* No7.png in Resources */ = {isa = PBXBuildFile; fileRef = 3CBCB6B518758F6000EF5A84 /* No7.png */; };
		3CBCB6BE18758F6000EF5A84 /* No8.png in Resources */ = {isa = PBXBuildFile; fileRef = 3CBCB6B618758F6000EF5A84 /* No8.png */; };
		3CBCB6BF18758F6000EF5A84 /* No9.png in Resources */ = {isa = PBXBuildFile; fileRef = 3CBCB6B718758F6000EF5A84 /* No9.png */; };
		3CBCB7271876075C00EF5A84 /* introP1.mp3 in Resources */ = {isa = PBXBuildFile; fileRef = 3CBCB6D61876075C00EF5A84 /* introP1.mp3 */; };
		3CBCB7311876075C00EF5A84 /* introP2.mp3 in Resources */ = {isa = PBXBuildFile; fileRef = 3CBCB6E01876075C00EF5A84 /* introP2.mp3 */; };
		3CBCB73B1876075C00EF5A84 /* introP3.mp3 in Resources */ = {isa = PBXBuildFile; fileRef = 3CBCB6EA1876075C00EF5A84 /* introP3.mp3 */; };
		3CBCB7451876075C00EF5A84 /* introP4.mp3 in Resources */ = {isa = PBXBuildFile; fileRef = 3CBCB6F41876075C00EF5A84 /* introP4.mp3 */; };
		3CBCB74F1876075C00EF5A84 /* introP5.mp3 in Resources */ = {isa = PBXBuildFile; fileRef = 3CBCB6FE1876075C00EF5A84 /* introP5.mp3 */; };
		3CBCB7591876075C00EF5A84 /* introP6.mp3 in Resources */ = {isa = PBXBuildFile; fileRef = 3CBCB7081876075C00EF5A84 /* introP6.mp3 */; };
		3CBCB7631876075C00EF5A84 /* introP7.mp3 in Resources */ = {isa = PBXBuildFile; fileRef = 3CBCB7121876075C00EF5A84 /* introP7.mp3 */; };
		3CBCB76D1876075C00EF5A84 /* introP8.mp3 in Resources */ = {isa = PBXBuildFile; fileRef = 3CBCB71C1876075C00EF5A84 /* introP8.mp3 */; };
		3CBCB7771876075C00EF5A84 /* introP9.mp3 in Resources */ = {isa = PBXBuildFile; fileRef = 3CBCB7261876075C00EF5A84 /* introP9.mp3 */; };
		3CDC82B11895122B00232D21 /* No1.png in Resources */ = {isa = PBXBuildFile; fileRef = 3CDC82B01895122B00232D21 /* No1.png */; };
		3CDC82B5189595EE00232D21 /* playButton.png in Resources */ = {isa = PBXBuildFile; fileRef = 3CDC82B2189595EE00232D21 /* playButton.png */; };
		3CDC82B6189595EE00232D21 /* recButton.png in Resources */ = {isa = PBXBuildFile; fileRef = 3CDC82B3189595EE00232D21 /* recButton.png */; };
		3CDC82B7189595EE00232D21 /* subButton.png in Resources */ = {isa = PBXBuildFile; fileRef = 3CDC82B4189595EE00232D21 /* subButton.png */; };
/* End PBXBuildFile section */

/* Begin PBXContainerItemProxy section */
		3C6208171872032B002388C4 /* PBXContainerItemProxy */ = {
			isa = PBXContainerItemProxy;
			containerPortal = 3C6207E91872032B002388C4 /* Project object */;
			proxyType = 1;
			remoteGlobalIDString = 3C6207F01872032B002388C4;
			remoteInfo = "See Me Count";
		};
/* End PBXContainerItemProxy section */

/* Begin PBXFileReference section */
		3C2FA4A218760D9500322132 /* WellDone.mp3 */ = {isa = PBXFileReference; lastKnownFileType = audio.mp3; path = WellDone.mp3; sourceTree = "<group>"; };
		3C2FA4A41876141200322132 /* go.png */ = {isa = PBXFileReference; lastKnownFileType = image.png; path = go.png; sourceTree = "<group>"; };
		3C584CC018C8CDB90028ADA7 /* success01.mp3 */ = {isa = PBXFileReference; lastKnownFileType = audio.mp3; path = success01.mp3; sourceTree = "<group>"; };
		3C584CC118C8CDB90028ADA7 /* success02.mp3 */ = {isa = PBXFileReference; lastKnownFileType = audio.mp3; path = success02.mp3; sourceTree = "<group>"; };
		3C584CC218C8CDB90028ADA7 /* success03.mp3 */ = {isa = PBXFileReference; lastKnownFileType = audio.mp3; path = success03.mp3; sourceTree = "<group>"; };
		3C584CC318C8CDB90028ADA7 /* success04.mp3 */ = {isa = PBXFileReference; lastKnownFileType = audio.mp3; path = success04.mp3; sourceTree = "<group>"; };
		3C584CC818C8D15F0028ADA7 /* success05.mp3 */ = {isa = PBXFileReference; lastKnownFileType = audio.mp3; path = success05.mp3; sourceTree = "<group>"; };
		3C584CCA18CA12670028ADA7 /* Main.storyboard */ = {isa = PBXFileReference; fileEncoding = 4; lastKnownFileType = file.storyboard; path = Main.storyboard; sourceTree = "<group>"; };
		3C6207F11872032B002388C4 /* See Me Count.app */ = {isa = PBXFileReference; explicitFileType = wrapper.application; includeInIndex = 0; path = "See Me Count.app"; sourceTree = BUILT_PRODUCTS_DIR; };
		3C6207F41872032B002388C4 /* Foundation.framework */ = {isa = PBXFileReference; lastKnownFileType = wrapper.framework; name = Foundation.framework; path = System/Library/Frameworks/Foundation.framework; sourceTree = SDKROOT; };
		3C6207F61872032B002388C4 /* CoreGraphics.framework */ = {isa = PBXFileReference; lastKnownFileType = wrapper.framework; name = CoreGraphics.framework; path = System/Library/Frameworks/CoreGraphics.framework; sourceTree = SDKROOT; };
		3C6207F81872032B002388C4 /* UIKit.framework */ = {isa = PBXFileReference; lastKnownFileType = wrapper.framework; name = UIKit.framework; path = System/Library/Frameworks/UIKit.framework; sourceTree = SDKROOT; };
		3C6207FC1872032B002388C4 /* See Me Count-Info.plist */ = {isa = PBXFileReference; lastKnownFileType = text.plist.xml; path = "See Me Count-Info.plist"; sourceTree = "<group>"; };
		3C6207FE1872032B002388C4 /* en */ = {isa = PBXFileReference; lastKnownFileType = text.plist.strings; name = en; path = en.lproj/InfoPlist.strings; sourceTree = "<group>"; };
		3C6208001872032B002388C4 /* main.m */ = {isa = PBXFileReference; lastKnownFileType = sourcecode.c.objc; path = main.m; sourceTree = "<group>"; };
		3C6208021872032B002388C4 /* See Me Count-Prefix.pch */ = {isa = PBXFileReference; lastKnownFileType = sourcecode.c.h; path = "See Me Count-Prefix.pch"; sourceTree = "<group>"; };
		3C6208031872032B002388C4 /* AppDelegate.h */ = {isa = PBXFileReference; lastKnownFileType = sourcecode.c.h; path = AppDelegate.h; sourceTree = "<group>"; };
		3C6208041872032B002388C4 /* AppDelegate.m */ = {isa = PBXFileReference; lastKnownFileType = sourcecode.c.objc; path = AppDelegate.m; sourceTree = "<group>"; };
		3C6208091872032B002388C4 /* ViewController.h */ = {isa = PBXFileReference; lastKnownFileType = sourcecode.c.h; path = ViewController.h; sourceTree = "<group>"; };
		3C62080A1872032B002388C4 /* ViewController.m */ = {isa = PBXFileReference; lastKnownFileType = sourcecode.c.objc; path = ViewController.m; sourceTree = "<group>"; };
		3C62080C1872032B002388C4 /* Images.xcassets */ = {isa = PBXFileReference; lastKnownFileType = folder.assetcatalog; path = Images.xcassets; sourceTree = "<group>"; };
		3C6208121872032B002388C4 /* See Me CountTests.xctest */ = {isa = PBXFileReference; explicitFileType = wrapper.cfbundle; includeInIndex = 0; path = "See Me CountTests.xctest"; sourceTree = BUILT_PRODUCTS_DIR; };
		3C6208131872032B002388C4 /* XCTest.framework */ = {isa = PBXFileReference; lastKnownFileType = wrapper.framework; name = XCTest.framework; path = Library/Frameworks/XCTest.framework; sourceTree = DEVELOPER_DIR; };
		3C62081B1872032B002388C4 /* See Me CountTests-Info.plist */ = {isa = PBXFileReference; lastKnownFileType = text.plist.xml; path = "See Me CountTests-Info.plist"; sourceTree = "<group>"; };
		3C62081D1872032B002388C4 /* en */ = {isa = PBXFileReference; lastKnownFileType = text.plist.strings; name = en; path = en.lproj/InfoPlist.strings; sourceTree = "<group>"; };
		3C62081F1872032B002388C4 /* See_Me_CountTests.m */ = {isa = PBXFileReference; lastKnownFileType = sourcecode.c.objc; path = See_Me_CountTests.m; sourceTree = "<group>"; };
		3C6C374B18D475D30053684B /* arrowLeft.png */ = {isa = PBXFileReference; lastKnownFileType = image.png; path = arrowLeft.png; sourceTree = "<group>"; };
		3C6C374C18D475D30053684B /* arrowRight.png */ = {isa = PBXFileReference; lastKnownFileType = image.png; path = arrowRight.png; sourceTree = "<group>"; };
		3C81E21418A2988400AEF498 /* see.me.count.db */ = {isa = PBXFileReference; lastKnownFileType = file; path = see.me.count.db; sourceTree = "<group>"; };
		3C81E21618A29E4700AEF498 /* libsqlite3.0.dylib */ = {isa = PBXFileReference; lastKnownFileType = "compiled.mach-o.dylib"; name = libsqlite3.0.dylib; path = usr/lib/libsqlite3.0.dylib; sourceTree = SDKROOT; };
		3C81E21818A2E4B500AEF498 /* info.png */ = {isa = PBXFileReference; lastKnownFileType = image.png; path = info.png; sourceTree = "<group>"; };
		3C81E21D18A39A7900AEF498 /* Dig0.png */ = {isa = PBXFileReference; lastKnownFileType = image.png; path = Dig0.png; sourceTree = "<group>"; };
		3C81E21E18A39A7900AEF498 /* Dig1.png */ = {isa = PBXFileReference; lastKnownFileType = image.png; path = Dig1.png; sourceTree = "<group>"; };
		3C81E21F18A39A7900AEF498 /* Dig2.png */ = {isa = PBXFileReference; lastKnownFileType = image.png; path = Dig2.png; sourceTree = "<group>"; };
		3C81E22018A39A7900AEF498 /* Dig3.png */ = {isa = PBXFileReference; lastKnownFileType = image.png; path = Dig3.png; sourceTree = "<group>"; };
		3C81E22118A39A7900AEF498 /* Dig4.png */ = {isa = PBXFileReference; lastKnownFileType = image.png; path = Dig4.png; sourceTree = "<group>"; };
		3C81E22218A39A7900AEF498 /* Dig5.png */ = {isa = PBXFileReference; lastKnownFileType = image.png; path = Dig5.png; sourceTree = "<group>"; };
		3C81E22318A39A7900AEF498 /* Dig6.png */ = {isa = PBXFileReference; lastKnownFileType = image.png; path = Dig6.png; sourceTree = "<group>"; };
		3C81E22418A39A7900AEF498 /* Dig7.png */ = {isa = PBXFileReference; lastKnownFileType = image.png; path = Dig7.png; sourceTree = "<group>"; };
		3C81E22518A39A7900AEF498 /* Dig8.png */ = {isa = PBXFileReference; lastKnownFileType = image.png; path = Dig8.png; sourceTree = "<group>"; };
		3C81E22618A39A7900AEF498 /* Dig9.png */ = {isa = PBXFileReference; lastKnownFileType = image.png; path = Dig9.png; sourceTree = "<group>"; };
		3C81E23118A3C1BC00AEF498 /* close.png */ = {isa = PBXFileReference; lastKnownFileType = image.png; path = close.png; sourceTree = "<group>"; };
		3C930D2418AA2587000F7B9F /* digitalDisplay.h */ = {isa = PBXFileReference; fileEncoding = 4; lastKnownFileType = sourcecode.c.h; path = digitalDisplay.h; sourceTree = "<group>"; };
		3C930D2518AA2587000F7B9F /* digitalDisplay.m */ = {isa = PBXFileReference; fileEncoding = 4; lastKnownFileType = sourcecode.c.objc; path = digitalDisplay.m; sourceTree = "<group>"; };
		3C930D2718AAA1EF000F7B9F /* ChartView.h */ = {isa = PBXFileReference; fileEncoding = 4; lastKnownFileType = sourcecode.c.h; path = ChartView.h; sourceTree = "<group>"; };
		3C930D2818AAA1EF000F7B9F /* ChartView.m */ = {isa = PBXFileReference; fileEncoding = 4; lastKnownFileType = sourcecode.c.objc; path = ChartView.m; sourceTree = "<group>"; };
		3C930D2918AAA1EF000F7B9F /* Common.h */ = {isa = PBXFileReference; fileEncoding = 4; lastKnownFileType = sourcecode.c.h; path = Common.h; sourceTree = "<group>"; };
		3C930D2A18AAA1EF000F7B9F /* Common.m */ = {isa = PBXFileReference; fileEncoding = 4; lastKnownFileType = sourcecode.c.objc; path = Common.m; sourceTree = "<group>"; };
		3CBCB696187354C300EF5A84 /* Pic1.jpg */ = {isa = PBXFileReference; lastKnownFileType = image.jpeg; path = Pic1.jpg; sourceTree = "<group>"; };
		3CBCB697187354C300EF5A84 /* Pic2.jpg */ = {isa = PBXFileReference; lastKnownFileType = image.jpeg; path = Pic2.jpg; sourceTree = "<group>"; };
		3CBCB698187354C300EF5A84 /* Pic3.jpg */ = {isa = PBXFileReference; lastKnownFileType = image.jpeg; path = Pic3.jpg; sourceTree = "<group>"; };
		3CBCB699187354C300EF5A84 /* Pic4.jpg */ = {isa = PBXFileReference; lastKnownFileType = image.jpeg; path = Pic4.jpg; sourceTree = "<group>"; };
		3CBCB69A187354C300EF5A84 /* Pic5.jpg */ = {isa = PBXFileReference; lastKnownFileType = image.jpeg; path = Pic5.jpg; sourceTree = "<group>"; };
		3CBCB69B187354C300EF5A84 /* Pic6.jpg */ = {isa = PBXFileReference; lastKnownFileType = image.jpeg; path = Pic6.jpg; sourceTree = "<group>"; };
		3CBCB69C187354C300EF5A84 /* Pic7.jpg */ = {isa = PBXFileReference; lastKnownFileType = image.jpeg; path = Pic7.jpg; sourceTree = "<group>"; };
		3CBCB69D187354C300EF5A84 /* Pic8.jpg */ = {isa = PBXFileReference; lastKnownFileType = image.jpeg; path = Pic8.jpg; sourceTree = "<group>"; };
		3CBCB69E187354C300EF5A84 /* Pic9.jpg */ = {isa = PBXFileReference; lastKnownFileType = image.jpeg; path = Pic9.jpg; sourceTree = "<group>"; };
		3CBCB6B018758F6000EF5A84 /* No2.png */ = {isa = PBXFileReference; lastKnownFileType = image.png; path = No2.png; sourceTree = "<group>"; };
		3CBCB6B118758F6000EF5A84 /* No3.png */ = {isa = PBXFileReference; lastKnownFileType = image.png; path = No3.png; sourceTree = "<group>"; };
		3CBCB6B218758F6000EF5A84 /* No4.png */ = {isa = PBXFileReference; lastKnownFileType = image.png; path = No4.png; sourceTree = "<group>"; };
		3CBCB6B318758F6000EF5A84 /* No5.png */ = {isa = PBXFileReference; lastKnownFileType = image.png; path = No5.png; sourceTree = "<group>"; };
		3CBCB6B418758F6000EF5A84 /* No6.png */ = {isa = PBXFileReference; lastKnownFileType = image.png; path = No6.png; sourceTree = "<group>"; };
		3CBCB6B518758F6000EF5A84 /* No7.png */ = {isa = PBXFileReference; lastKnownFileType = image.png; path = No7.png; sourceTree = "<group>"; };
		3CBCB6B618758F6000EF5A84 /* No8.png */ = {isa = PBXFileReference; lastKnownFileType = image.png; path = No8.png; sourceTree = "<group>"; };
		3CBCB6B718758F6000EF5A84 /* No9.png */ = {isa = PBXFileReference; lastKnownFileType = image.png; path = No9.png; sourceTree = "<group>"; };
		3CBCB6D61876075C00EF5A84 /* introP1.mp3 */ = {isa = PBXFileReference; lastKnownFileType = audio.mp3; path = introP1.mp3; sourceTree = "<group>"; };
		3CBCB6E01876075C00EF5A84 /* introP2.mp3 */ = {isa = PBXFileReference; lastKnownFileType = audio.mp3; path = introP2.mp3; sourceTree = "<group>"; };
		3CBCB6EA1876075C00EF5A84 /* introP3.mp3 */ = {isa = PBXFileReference; lastKnownFileType = audio.mp3; path = introP3.mp3; sourceTree = "<group>"; };
		3CBCB6F41876075C00EF5A84 /* introP4.mp3 */ = {isa = PBXFileReference; lastKnownFileType = audio.mp3; path = introP4.mp3; sourceTree = "<group>"; };
		3CBCB6FE1876075C00EF5A84 /* introP5.mp3 */ = {isa = PBXFileReference; lastKnownFileType = audio.mp3; path = introP5.mp3; sourceTree = "<group>"; };
		3CBCB7081876075C00EF5A84 /* introP6.mp3 */ = {isa = PBXFileReference; lastKnownFileType = audio.mp3; path = introP6.mp3; sourceTree = "<group>"; };
		3CBCB7121876075C00EF5A84 /* introP7.mp3 */ = {isa = PBXFileReference; lastKnownFileType = audio.mp3; path = introP7.mp3; sourceTree = "<group>"; };
		3CBCB71C1876075C00EF5A84 /* introP8.mp3 */ = {isa = PBXFileReference; lastKnownFileType = audio.mp3; path = introP8.mp3; sourceTree = "<group>"; };
		3CBCB7261876075C00EF5A84 /* introP9.mp3 */ = {isa = PBXFileReference; lastKnownFileType = audio.mp3; path = introP9.mp3; sourceTree = "<group>"; };
		3CDC82B01895122B00232D21 /* No1.png */ = {isa = PBXFileReference; lastKnownFileType = image.png; path = No1.png; sourceTree = "<group>"; };
		3CDC82B2189595EE00232D21 /* playButton.png */ = {isa = PBXFileReference; lastKnownFileType = image.png; path = playButton.png; sourceTree = "<group>"; };
		3CDC82B3189595EE00232D21 /* recButton.png */ = {isa = PBXFileReference; lastKnownFileType = image.png; path = recButton.png; sourceTree = "<group>"; };
		3CDC82B4189595EE00232D21 /* subButton.png */ = {isa = PBXFileReference; lastKnownFileType = image.png; path = subButton.png; sourceTree = "<group>"; };
/* End PBXFileReference section */

/* Begin PBXFrameworksBuildPhase section */
		3C6207EE1872032B002388C4 /* Frameworks */ = {
			isa = PBXFrameworksBuildPhase;
			buildActionMask = 2147483647;
			files = (
				3C81E21718A29E4700AEF498 /* libsqlite3.0.dylib in Frameworks */,
				3C6207F71872032B002388C4 /* CoreGraphics.framework in Frameworks */,
				3C6207F91872032B002388C4 /* UIKit.framework in Frameworks */,
				3C6207F51872032B002388C4 /* Foundation.framework in Frameworks */,
			);
			runOnlyForDeploymentPostprocessing = 0;
		};
		3C62080F1872032B002388C4 /* Frameworks */ = {
			isa = PBXFrameworksBuildPhase;
			buildActionMask = 2147483647;
			files = (
				3C6208141872032B002388C4 /* XCTest.framework in Frameworks */,
				3C6208161872032B002388C4 /* UIKit.framework in Frameworks */,
				3C6208151872032B002388C4 /* Foundation.framework in Frameworks */,
			);
			runOnlyForDeploymentPostprocessing = 0;
		};
/* End PBXFrameworksBuildPhase section */

/* Begin PBXGroup section */
		3C6207E81872032B002388C4 = {
			isa = PBXGroup;
			children = (
				3C6207FA1872032B002388C4 /* See Me Count */,
				3C6208191872032B002388C4 /* See Me CountTests */,
				3C6207F31872032B002388C4 /* Frameworks */,
				3C6207F21872032B002388C4 /* Products */,
			);
			sourceTree = "<group>";
		};
		3C6207F21872032B002388C4 /* Products */ = {
			isa = PBXGroup;
			children = (
				3C6207F11872032B002388C4 /* See Me Count.app */,
				3C6208121872032B002388C4 /* See Me CountTests.xctest */,
			);
			name = Products;
			sourceTree = "<group>";
		};
		3C6207F31872032B002388C4 /* Frameworks */ = {
			isa = PBXGroup;
			children = (
				3C81E21618A29E4700AEF498 /* libsqlite3.0.dylib */,
				3C6207F41872032B002388C4 /* Foundation.framework */,
				3C6207F61872032B002388C4 /* CoreGraphics.framework */,
				3C6207F81872032B002388C4 /* UIKit.framework */,
				3C6208131872032B002388C4 /* XCTest.framework */,
			);
			name = Frameworks;
			sourceTree = "<group>";
		};
		3C6207FA1872032B002388C4 /* See Me Count */ = {
			isa = PBXGroup;
			children = (
				3C584CCA18CA12670028ADA7 /* Main.storyboard */,
				3C6208031872032B002388C4 /* AppDelegate.h */,
				3C6208041872032B002388C4 /* AppDelegate.m */,
				3C6208091872032B002388C4 /* ViewController.h */,
				3C62080A1872032B002388C4 /* ViewController.m */,
				3C930D2418AA2587000F7B9F /* digitalDisplay.h */,
				3C930D2518AA2587000F7B9F /* digitalDisplay.m */,
				3C930D2718AAA1EF000F7B9F /* ChartView.h */,
				3C930D2818AAA1EF000F7B9F /* ChartView.m */,
				3C930D2918AAA1EF000F7B9F /* Common.h */,
				3C930D2A18AAA1EF000F7B9F /* Common.m */,
				3C62080C1872032B002388C4 /* Images.xcassets */,
				3C6207FB1872032B002388C4 /* Supporting Files */,
			);
			path = "See Me Count";
			sourceTree = "<group>";
		};
		3C6207FB1872032B002388C4 /* Supporting Files */ = {
			isa = PBXGroup;
			children = (
				3C81E21118A2955400AEF498 /* Database */,
				3CBCB6A918744D2000EF5A84 /* Sounds */,
				3CBCB6A818744D0B00EF5A84 /* Images */,
				3C6207FC1872032B002388C4 /* See Me Count-Info.plist */,
				3C6207FD1872032B002388C4 /* InfoPlist.strings */,
				3C6208001872032B002388C4 /* main.m */,
				3C6208021872032B002388C4 /* See Me Count-Prefix.pch */,
			);
			name = "Supporting Files";
			sourceTree = "<group>";
		};
		3C6208191872032B002388C4 /* See Me CountTests */ = {
			isa = PBXGroup;
			children = (
				3C62081F1872032B002388C4 /* See_Me_CountTests.m */,
				3C62081A1872032B002388C4 /* Supporting Files */,
			);
			path = "See Me CountTests";
			sourceTree = "<group>";
		};
		3C62081A1872032B002388C4 /* Supporting Files */ = {
			isa = PBXGroup;
			children = (
				3C62081B1872032B002388C4 /* See Me CountTests-Info.plist */,
				3C62081C1872032B002388C4 /* InfoPlist.strings */,
			);
			name = "Supporting Files";
			sourceTree = "<group>";
		};
		3C81E21118A2955400AEF498 /* Database */ = {
			isa = PBXGroup;
			children = (
				3C81E21418A2988400AEF498 /* see.me.count.db */,
			);
			name = Database;
			sourceTree = "<group>";
		};
		3C81E21A18A39A4600AEF498 /* Nos */ = {
			isa = PBXGroup;
			children = (
				3CDC82B01895122B00232D21 /* No1.png */,
				3CBCB6B018758F6000EF5A84 /* No2.png */,
				3CBCB6B118758F6000EF5A84 /* No3.png */,
				3CBCB6B218758F6000EF5A84 /* No4.png */,
				3CBCB6B318758F6000EF5A84 /* No5.png */,
				3CBCB6B418758F6000EF5A84 /* No6.png */,
				3CBCB6B518758F6000EF5A84 /* No7.png */,
				3CBCB6B618758F6000EF5A84 /* No8.png */,
				3CBCB6B718758F6000EF5A84 /* No9.png */,
			);
			name = Nos;
			sourceTree = "<group>";
		};
		3C81E21B18A39A5700AEF498 /* Pics */ = {
			isa = PBXGroup;
			children = (
				3CBCB696187354C300EF5A84 /* Pic1.jpg */,
				3CBCB697187354C300EF5A84 /* Pic2.jpg */,
				3CBCB698187354C300EF5A84 /* Pic3.jpg */,
				3CBCB699187354C300EF5A84 /* Pic4.jpg */,
				3CBCB69A187354C300EF5A84 /* Pic5.jpg */,
				3CBCB69B187354C300EF5A84 /* Pic6.jpg */,
				3CBCB69C187354C300EF5A84 /* Pic7.jpg */,
				3CBCB69D187354C300EF5A84 /* Pic8.jpg */,
				3CBCB69E187354C300EF5A84 /* Pic9.jpg */,
			);
			name = Pics;
			sourceTree = "<group>";
		};
		3C81E21C18A39A6700AEF498 /* Digits */ = {
			isa = PBXGroup;
			children = (
				3C81E21D18A39A7900AEF498 /* Dig0.png */,
				3C81E21E18A39A7900AEF498 /* Dig1.png */,
				3C81E21F18A39A7900AEF498 /* Dig2.png */,
				3C81E22018A39A7900AEF498 /* Dig3.png */,
				3C81E22118A39A7900AEF498 /* Dig4.png */,
				3C81E22218A39A7900AEF498 /* Dig5.png */,
				3C81E22318A39A7900AEF498 /* Dig6.png */,
				3C81E22418A39A7900AEF498 /* Dig7.png */,
				3C81E22518A39A7900AEF498 /* Dig8.png */,
				3C81E22618A39A7900AEF498 /* Dig9.png */,
			);
			name = Digits;
			sourceTree = "<group>";
		};
		3CBCB6A818744D0B00EF5A84 /* Images */ = {
			isa = PBXGroup;
			children = (
				3C81E21C18A39A6700AEF498 /* Digits */,
				3C81E21B18A39A5700AEF498 /* Pics */,
				3C81E21A18A39A4600AEF498 /* Nos */,
				3C81E21818A2E4B500AEF498 /* info.png */,
				3C81E23118A3C1BC00AEF498 /* close.png */,
				3CDC82B2189595EE00232D21 /* playButton.png */,
				3CDC82B3189595EE00232D21 /* recButton.png */,
				3CDC82B4189595EE00232D21 /* subButton.png */,
				3C2FA4A41876141200322132 /* go.png */,
				3C6C374B18D475D30053684B /* arrowLeft.png */,
				3C6C374C18D475D30053684B /* arrowRight.png */,
			);
			name = Images;
			sourceTree = "<group>";
		};
		3CBCB6A918744D2000EF5A84 /* Sounds */ = {
			isa = PBXGroup;
			children = (
				3C584CC018C8CDB90028ADA7 /* success01.mp3 */,
				3C584CC118C8CDB90028ADA7 /* success02.mp3 */,
				3C584CC218C8CDB90028ADA7 /* success03.mp3 */,
				3C584CC318C8CDB90028ADA7 /* success04.mp3 */,
				3C584CC818C8D15F0028ADA7 /* success05.mp3 */,
				3C2FA4A218760D9500322132 /* WellDone.mp3 */,
				3CBCB6D61876075C00EF5A84 /* introP1.mp3 */,
				3CBCB6E01876075C00EF5A84 /* introP2.mp3 */,
				3CBCB6EA1876075C00EF5A84 /* introP3.mp3 */,
				3CBCB6F41876075C00EF5A84 /* introP4.mp3 */,
				3CBCB6FE1876075C00EF5A84 /* introP5.mp3 */,
				3CBCB7081876075C00EF5A84 /* introP6.mp3 */,
				3CBCB7121876075C00EF5A84 /* introP7.mp3 */,
				3CBCB71C1876075C00EF5A84 /* introP8.mp3 */,
				3CBCB7261876075C00EF5A84 /* introP9.mp3 */,
			);
			name = Sounds;
			sourceTree = "<group>";
		};
/* End PBXGroup section */

/* Begin PBXNativeTarget section */
		3C6207F01872032B002388C4 /* See Me Count */ = {
			isa = PBXNativeTarget;
			buildConfigurationList = 3C6208231872032B002388C4 /* Build configuration list for PBXNativeTarget "See Me Count" */;
			buildPhases = (
				3C6207ED1872032B002388C4 /* Sources */,
				3C6207EE1872032B002388C4 /* Frameworks */,
				3C6207EF1872032B002388C4 /* Resources */,
			);
			buildRules = (
			);
			dependencies = (
			);
			name = "See Me Count";
			productName = "See Me Count";
			productReference = 3C6207F11872032B002388C4 /* See Me Count.app */;
			productType = "com.apple.product-type.application";
		};
		3C6208111872032B002388C4 /* See Me CountTests */ = {
			isa = PBXNativeTarget;
			buildConfigurationList = 3C6208261872032B002388C4 /* Build configuration list for PBXNativeTarget "See Me CountTests" */;
			buildPhases = (
				3C62080E1872032B002388C4 /* Sources */,
				3C62080F1872032B002388C4 /* Frameworks */,
				3C6208101872032B002388C4 /* Resources */,
			);
			buildRules = (
			);
			dependencies = (
				3C6208181872032B002388C4 /* PBXTargetDependency */,
			);
			name = "See Me CountTests";
			productName = "See Me CountTests";
			productReference = 3C6208121872032B002388C4 /* See Me CountTests.xctest */;
			productType = "com.apple.product-type.bundle.unit-test";
		};
/* End PBXNativeTarget section */

/* Begin PBXProject section */
		3C6207E91872032B002388C4 /* Project object */ = {
			isa = PBXProject;
			attributes = {
				LastUpgradeCheck = 0510;
				ORGANIZATIONNAME = Ian;
				TargetAttributes = {
					3C6208111872032B002388C4 = {
						TestTargetID = 3C6207F01872032B002388C4;
					};
				};
			};
			buildConfigurationList = 3C6207EC1872032B002388C4 /* Build configuration list for PBXProject "See Me Count" */;
			compatibilityVersion = "Xcode 3.2";
			developmentRegion = English;
			hasScannedForEncodings = 0;
			knownRegions = (
				en,
				Base,
			);
			mainGroup = 3C6207E81872032B002388C4;
			productRefGroup = 3C6207F21872032B002388C4 /* Products */;
			projectDirPath = "";
			projectRoot = "";
			targets = (
				3C6207F01872032B002388C4 /* See Me Count */,
				3C6208111872032B002388C4 /* See Me CountTests */,
			);
		};
/* End PBXProject section */

/* Begin PBXResourcesBuildPhase section */
		3C6207EF1872032B002388C4 /* Resources */ = {
			isa = PBXResourcesBuildPhase;
			buildActionMask = 2147483647;
			files = (
				3CBCB6B918758F6000EF5A84 /* No3.png in Resources */,
				3C81E22F18A39A7900AEF498 /* Dig8.png in Resources */,
				3C2FA4A318760D9500322132 /* WellDone.mp3 in Resources */,
				3C6C374E18D475D30053684B /* arrowRight.png in Resources */,
				3CBCB6A1187354C300EF5A84 /* Pic3.jpg in Resources */,
				3CBCB7591876075C00EF5A84 /* introP6.mp3 in Resources */,
				3CBCB6A5187354C300EF5A84 /* Pic7.jpg in Resources */,
				3C81E23218A3C1BC00AEF498 /* close.png in Resources */,
				3CBCB6BE18758F6000EF5A84 /* No8.png in Resources */,
				3CBCB7271876075C00EF5A84 /* introP1.mp3 in Resources */,
				3CBCB6BD18758F6000EF5A84 /* No7.png in Resources */,
				3C81E22818A39A7900AEF498 /* Dig1.png in Resources */,
				3CBCB6A6187354C300EF5A84 /* Pic8.jpg in Resources */,
				3CBCB7631876075C00EF5A84 /* introP7.mp3 in Resources */,
				3C62080D1872032B002388C4 /* Images.xcassets in Resources */,
				3CBCB6A2187354C300EF5A84 /* Pic4.jpg in Resources */,
				3C81E22A18A39A7900AEF498 /* Dig3.png in Resources */,
				3C81E22918A39A7900AEF498 /* Dig2.png in Resources */,
				3C6207FF1872032B002388C4 /* InfoPlist.strings in Resources */,
				3C584CCB18CA12670028ADA7 /* Main.storyboard in Resources */,
				3CBCB6BA18758F6000EF5A84 /* No4.png in Resources */,
				3C584CC518C8CDB90028ADA7 /* success02.mp3 in Resources */,
				3C584CC618C8CDB90028ADA7 /* success03.mp3 in Resources */,
				3C81E21518A2988400AEF498 /* see.me.count.db in Resources */,
				3C584CC418C8CDB90028ADA7 /* success01.mp3 in Resources */,
				3CDC82B5189595EE00232D21 /* playButton.png in Resources */,
				3CBCB6A4187354C300EF5A84 /* Pic6.jpg in Resources */,
				3C81E22E18A39A7900AEF498 /* Dig7.png in Resources */,
				3C81E23018A39A7900AEF498 /* Dig9.png in Resources */,
				3CBCB6B818758F6000EF5A84 /* No2.png in Resources */,
				3CBCB76D1876075C00EF5A84 /* introP8.mp3 in Resources */,
				3C81E22C18A39A7900AEF498 /* Dig5.png in Resources */,
				3CBCB7771876075C00EF5A84 /* introP9.mp3 in Resources */,
				3CBCB6BC18758F6000EF5A84 /* No6.png in Resources */,
				3CBCB7311876075C00EF5A84 /* introP2.mp3 in Resources */,
				3CDC82B6189595EE00232D21 /* recButton.png in Resources */,
				3C584CC718C8CDB90028ADA7 /* success04.mp3 in Resources */,
				3C2FA4A51876141200322132 /* go.png in Resources */,
				3C81E22D18A39A7900AEF498 /* Dig6.png in Resources */,
				3CBCB73B1876075C00EF5A84 /* introP3.mp3 in Resources */,
				3CBCB74F1876075C00EF5A84 /* introP5.mp3 in Resources */,
				3C6C374D18D475D30053684B /* arrowLeft.png in Resources */,
				3C81E21918A2E4B500AEF498 /* info.png in Resources */,
				3CBCB69F187354C300EF5A84 /* Pic1.jpg in Resources */,
				3CBCB7451876075C00EF5A84 /* introP4.mp3 in Resources */,
				3CBCB6A3187354C300EF5A84 /* Pic5.jpg in Resources */,
				3C584CC918C8D15F0028ADA7 /* success05.mp3 in Resources */,
				3CDC82B11895122B00232D21 /* No1.png in Resources */,
				3CBCB6A0187354C300EF5A84 /* Pic2.jpg in Resources */,
				3CBCB6A7187354C300EF5A84 /* Pic9.jpg in Resources */,
				3C81E22718A39A7900AEF498 /* Dig0.png in Resources */,
				3CBCB6BF18758F6000EF5A84 /* No9.png in Resources */,
				3CBCB6BB18758F6000EF5A84 /* No5.png in Resources */,
				3C81E22B18A39A7900AEF498 /* Dig4.png in Resources */,
				3CDC82B7189595EE00232D21 /* subButton.png in Resources */,
			);
			runOnlyForDeploymentPostprocessing = 0;
		};
		3C6208101872032B002388C4 /* Resources */ = {
			isa = PBXResourcesBuildPhase;
			buildActionMask = 2147483647;
			files = (
				3C62081E1872032B002388C4 /* InfoPlist.strings in Resources */,
			);
			runOnlyForDeploymentPostprocessing = 0;
		};
/* End PBXResourcesBuildPhase section */

/* Begin PBXSourcesBuildPhase section */
		3C6207ED1872032B002388C4 /* Sources */ = {
			isa = PBXSourcesBuildPhase;
			buildActionMask = 2147483647;
			files = (
				3C930D2C18AAA1EF000F7B9F /* Common.m in Sources */,
				3C62080B1872032B002388C4 /* ViewController.m in Sources */,
				3C6208051872032B002388C4 /* AppDelegate.m in Sources */,
				3C930D2B18AAA1EF000F7B9F /* ChartView.m in Sources */,
				3C6208011872032B002388C4 /* main.m in Sources */,
				3C930D2618AA2587000F7B9F /* digitalDisplay.m in Sources */,
			);
			runOnlyForDeploymentPostprocessing = 0;
		};
		3C62080E1872032B002388C4 /* Sources */ = {
			isa = PBXSourcesBuildPhase;
			buildActionMask = 2147483647;
			files = (
				3C6208201872032B002388C4 /* See_Me_CountTests.m in Sources */,
			);
			runOnlyForDeploymentPostprocessing = 0;
		};
/* End PBXSourcesBuildPhase section */

/* Begin PBXTargetDependency section */
		3C6208181872032B002388C4 /* PBXTargetDependency */ = {
			isa = PBXTargetDependency;
			target = 3C6207F01872032B002388C4 /* See Me Count */;
			targetProxy = 3C6208171872032B002388C4 /* PBXContainerItemProxy */;
		};
/* End PBXTargetDependency section */

/* Begin PBXVariantGroup section */
		3C6207FD1872032B002388C4 /* InfoPlist.strings */ = {
			isa = PBXVariantGroup;
			children = (
				3C6207FE1872032B002388C4 /* en */,
			);
			name = InfoPlist.strings;
			sourceTree = "<group>";
		};
		3C62081C1872032B002388C4 /* InfoPlist.strings */ = {
			isa = PBXVariantGroup;
			children = (
				3C62081D1872032B002388C4 /* en */,
			);
			name = InfoPlist.strings;
			sourceTree = "<group>";
		};
/* End PBXVariantGroup section */

/* Begin XCBuildConfiguration section */
		3C6208211872032B002388C4 /* Debug */ = {
			isa = XCBuildConfiguration;
			buildSettings = {
				ALWAYS_SEARCH_USER_PATHS = NO;
				CLANG_CXX_LANGUAGE_STANDARD = "gnu++0x";
				CLANG_CXX_LIBRARY = "libc++";
				CLANG_ENABLE_MODULES = YES;
				CLANG_ENABLE_OBJC_ARC = YES;
				CLANG_WARN_BOOL_CONVERSION = YES;
				CLANG_WARN_CONSTANT_CONVERSION = YES;
				CLANG_WARN_DIRECT_OBJC_ISA_USAGE = YES_ERROR;
				CLANG_WARN_EMPTY_BODY = YES;
				CLANG_WARN_ENUM_CONVERSION = YES;
				CLANG_WARN_INT_CONVERSION = YES;
				CLANG_WARN_OBJC_ROOT_CLASS = YES_ERROR;
				CLANG_WARN__DUPLICATE_METHOD_MATCH = YES;
				"CODE_SIGN_IDENTITY[sdk=iphoneos*]" = "iPhone Developer";
				COPY_PHASE_STRIP = NO;
				GCC_C_LANGUAGE_STANDARD = gnu99;
				GCC_DYNAMIC_NO_PIC = NO;
				GCC_OPTIMIZATION_LEVEL = 0;
				GCC_PREPROCESSOR_DEFINITIONS = (
					"DEBUG=1",
					"$(inherited)",
				);
				GCC_SYMBOLS_PRIVATE_EXTERN = NO;
				GCC_WARN_64_TO_32_BIT_CONVERSION = YES;
				GCC_WARN_ABOUT_RETURN_TYPE = YES_ERROR;
				GCC_WARN_UNDECLARED_SELECTOR = YES;
				GCC_WARN_UNINITIALIZED_AUTOS = YES;
				GCC_WARN_UNUSED_FUNCTION = YES;
				GCC_WARN_UNUSED_VARIABLE = YES;
				IPHONEOS_DEPLOYMENT_TARGET = 7.0;
				ONLY_ACTIVE_ARCH = YES;
				SDKROOT = iphoneos;
				TARGETED_DEVICE_FAMILY = 2;
			};
			name = Debug;
		};
		3C6208221872032B002388C4 /* Release */ = {
			isa = XCBuildConfiguration;
			buildSettings = {
				ALWAYS_SEARCH_USER_PATHS = NO;
				CLANG_CXX_LANGUAGE_STANDARD = "gnu++0x";
				CLANG_CXX_LIBRARY = "libc++";
				CLANG_ENABLE_MODULES = YES;
				CLANG_ENABLE_OBJC_ARC = YES;
				CLANG_WARN_BOOL_CONVERSION = YES;
				CLANG_WARN_CONSTANT_CONVERSION = YES;
				CLANG_WARN_DIRECT_OBJC_ISA_USAGE = YES_ERROR;
				CLANG_WARN_EMPTY_BODY = YES;
				CLANG_WARN_ENUM_CONVERSION = YES;
				CLANG_WARN_INT_CONVERSION = YES;
				CLANG_WARN_OBJC_ROOT_CLASS = YES_ERROR;
				CLANG_WARN__DUPLICATE_METHOD_MATCH = YES;
				"CODE_SIGN_IDENTITY[sdk=iphoneos*]" = "iPhone Developer";
				COPY_PHASE_STRIP = YES;
				ENABLE_NS_ASSERTIONS = NO;
				GCC_C_LANGUAGE_STANDARD = gnu99;
				GCC_WARN_64_TO_32_BIT_CONVERSION = YES;
				GCC_WARN_ABOUT_RETURN_TYPE = YES_ERROR;
				GCC_WARN_UNDECLARED_SELECTOR = YES;
				GCC_WARN_UNINITIALIZED_AUTOS = YES;
				GCC_WARN_UNUSED_FUNCTION = YES;
				GCC_WARN_UNUSED_VARIABLE = YES;
				IPHONEOS_DEPLOYMENT_TARGET = 7.0;
				SDKROOT = iphoneos;
				TARGETED_DEVICE_FAMILY = 2;
				VALIDATE_PRODUCT = YES;
			};
			name = Release;
		};
		3C6208241872032B002388C4 /* Debug */ = {
			isa = XCBuildConfiguration;
			buildSettings = {
				ASSETCATALOG_COMPILER_APPICON_NAME = AppIcon;
				ASSETCATALOG_COMPILER_LAUNCHIMAGE_NAME = LaunchImage;
				GCC_PRECOMPILE_PREFIX_HEADER = YES;
				GCC_PREFIX_HEADER = "See Me Count/See Me Count-Prefix.pch";
				INFOPLIST_FILE = "See Me Count/See Me Count-Info.plist";
				PRODUCT_NAME = "$(TARGET_NAME)";
				WRAPPER_EXTENSION = app;
			};
			name = Debug;
		};
		3C6208251872032B002388C4 /* Release */ = {
			isa = XCBuildConfiguration;
			buildSettings = {
				ASSETCATALOG_COMPILER_APPICON_NAME = AppIcon;
				ASSETCATALOG_COMPILER_LAUNCHIMAGE_NAME = LaunchImage;
				GCC_PRECOMPILE_PREFIX_HEADER = YES;
				GCC_PREFIX_HEADER = "See Me Count/See Me Count-Prefix.pch";
				INFOPLIST_FILE = "See Me Count/See Me Count-Info.plist";
				PRODUCT_NAME = "$(TARGET_NAME)";
				WRAPPER_EXTENSION = app;
			};
			name = Release;
		};
		3C6208271872032B002388C4 /* Debug */ = {
			isa = XCBuildConfiguration;
			buildSettings = {
				BUNDLE_LOADER = "$(BUILT_PRODUCTS_DIR)/See Me Count.app/See Me Count";
				FRAMEWORK_SEARCH_PATHS = (
					"$(SDKROOT)/Developer/Library/Frameworks",
					"$(inherited)",
					"$(DEVELOPER_FRAMEWORKS_DIR)",
				);
				GCC_PRECOMPILE_PREFIX_HEADER = YES;
				GCC_PREFIX_HEADER = "See Me Count/See Me Count-Prefix.pch";
				GCC_PREPROCESSOR_DEFINITIONS = (
					"DEBUG=1",
					"$(inherited)",
				);
				INFOPLIST_FILE = "See Me CountTests/See Me CountTests-Info.plist";
				PRODUCT_NAME = "$(TARGET_NAME)";
				TEST_HOST = "$(BUNDLE_LOADER)";
				WRAPPER_EXTENSION = xctest;
			};
			name = Debug;
		};
		3C6208281872032B002388C4 /* Release */ = {
			isa = XCBuildConfiguration;
			buildSettings = {
				BUNDLE_LOADER = "$(BUILT_PRODUCTS_DIR)/See Me Count.app/See Me Count";
				FRAMEWORK_SEARCH_PATHS = (
					"$(SDKROOT)/Developer/Library/Frameworks",
					"$(inherited)",
					"$(DEVELOPER_FRAMEWORKS_DIR)",
				);
				GCC_PRECOMPILE_PREFIX_HEADER = YES;
				GCC_PREFIX_HEADER = "See Me Count/See Me Count-Prefix.pch";
				INFOPLIST_FILE = "See Me CountTests/See Me CountTests-Info.plist";
				PRODUCT_NAME = "$(TARGET_NAME)";
				TEST_HOST = "$(BUNDLE_LOADER)";
				WRAPPER_EXTENSION = xctest;
			};
			name = Release;
		};
/* End XCBuildConfiguration section */

/* Begin XCConfigurationList section */
		3C6207EC1872032B002388C4 /* Build configuration list for PBXProject "See Me Count" */ = {
			isa = XCConfigurationList;
			buildConfigurations = (
				3C6208211872032B002388C4 /* Debug */,
				3C6208221872032B002388C4 /* Release */,
			);
			defaultConfigurationIsVisible = 0;
			defaultConfigurationName = Release;
		};
		3C6208231872032B002388C4 /* Build configuration list for PBXNativeTarget "See Me Count" */ = {
			isa = XCConfigurationList;
			buildConfigurations = (
				3C6208241872032B002388C4 /* Debug */,
				3C6208251872032B002388C4 /* Release */,
			);
			defaultConfigurationIsVisible = 0;
			defaultConfigurationName = Release;
		};
		3C6208261872032B002388C4 /* Build configuration list for PBXNativeTarget "See Me CountTests" */ = {
			isa = XCConfigurationList;
			buildConfigurations = (
				3C6208271872032B002388C4 /* Debug */,
				3C6208281872032B002388C4 /* Release */,
			);
			defaultConfigurationIsVisible = 0;
			defaultConfigurationName = Release;
		};
/* End XCConfigurationList section */
	};
	rootObject = 3C6207E91872032B002388C4 /* Project object */;
}
